
Microsoft Visual Studio Solution File, Format Version 12.00
# Visual Studio Version 17
VisualStudioVersion = 17.9.34728.123
MinimumVisualStudioVersion = 10.0.40219.1
Project("{FAE04EC0-301F-11D3-BF4B-00C04F79EFBC}") = "projAula2", "projAula2\projAula2.csproj", "{1DCCE87F-385F-497F-A989-B466A8130950}"
EndProject
Project("{FAE04EC0-301F-11D3-BF4B-00C04F79EFBC}") = "Models", "Models\Models.csproj", "{ECA67747-4794-490C-8DA8-7C1FD2317334}"
EndProject
Project("{FAE04EC0-301F-11D3-BF4B-00C04F79EFBC}") = "Controllers", "Controllers\Controllers.csproj", "{83675B79-E52D-4F88-8B8D-CED6544C8FF6}"
EndProject
Project("{FAE04EC0-301F-11D3-BF4B-00C04F79EFBC}") = "Services", "Services\Services.csproj", "{0EDE2BD3-763D-4084-A34B-B164C077CA9A}"
EndProject
Project("{FAE04EC0-301F-11D3-BF4B-00C04F79EFBC}") = "Repositories", "Repositories\Repositories.csproj", "{535F6DD7-0371-4428-B7AF-83FE436A4B4E}"
EndProject
Global
	GlobalSection(SolutionConfigurationPlatforms) = preSolution
		Debug|Any CPU = Debug|Any CPU
		Release|Any CPU = Release|Any CPU
	EndGlobalSection
	GlobalSection(ProjectConfigurationPlatforms) = postSolution
		{1DCCE87F-385F-497F-A989-B466A8130950}.Debug|Any CPU.ActiveCfg = Debug|Any CPU
		{1DCCE87F-385F-497F-A989-B466A8130950}.Debug|Any CPU.Build.0 = Debug|Any CPU
		{1DCCE87F-385F-497F-A989-B466A8130950}.Release|Any CPU.ActiveCfg = Release|Any CPU
		{1DCCE87F-385F-497F-A989-B466A8130950}.Release|Any CPU.Build.0 = Release|Any CPU
		{ECA67747-4794-490C-8DA8-7C1FD2317334}.Debug|Any CPU.ActiveCfg = Debug|Any CPU
		{ECA67747-4794-490C-8DA8-7C1FD2317334}.Debug|Any CPU.Build.0 = Debug|Any CPU
		{ECA67747-4794-490C-8DA8-7C1FD2317334}.Release|Any CPU.ActiveCfg = Release|Any CPU
		{ECA67747-4794-490C-8DA8-7C1FD2317334}.Release|Any CPU.Build.0 = Release|Any CPU
		{83675B79-E52D-4F88-8B8D-CED6544C8FF6}.Debug|Any CPU.ActiveCfg = Debug|Any CPU
		{83675B79-E52D-4F88-8B8D-CED6544C8FF6}.Debug|Any CPU.Build.0 = Debug|Any CPU
		{83675B79-E52D-4F88-8B8D-CED6544C8FF6}.Release|Any CPU.ActiveCfg = Release|Any CPU
		{83675B79-E52D-4F88-8B8D-CED6544C8FF6}.Release|Any CPU.Build.0 = Release|Any CPU
		{0EDE2BD3-763D-4084-A34B-B164C077CA9A}.Debug|Any CPU.ActiveCfg = Debug|Any CPU
		{0EDE2BD3-763D-4084-A34B-B164C077CA9A}.Debug|Any CPU.Build.0 = Debug|Any CPU
		{0EDE2BD3-763D-4084-A34B-B164C077CA9A}.Release|Any CPU.ActiveCfg = Release|Any CPU
		{0EDE2BD3-763D-4084-A34B-B164C077CA9A}.Release|Any CPU.Build.0 = Release|Any CPU
		{535F6DD7-0371-4428-B7AF-83FE436A4B4E}.Debug|Any CPU.ActiveCfg = Debug|Any CPU
		{535F6DD7-0371-4428-B7AF-83FE436A4B4E}.Debug|Any CPU.Build.0 = Debug|Any CPU
		{535F6DD7-0371-4428-B7AF-83FE436A4B4E}.Release|Any CPU.ActiveCfg = Release|Any CPU
		{535F6DD7-0371-4428-B7AF-83FE436A4B4E}.Release|Any CPU.Build.0 = Release|Any CPU
	EndGlobalSection
	GlobalSection(SolutionProperties) = preSolution
		HideSolutionNode = FALSE
	EndGlobalSection
	GlobalSection(ExtensibilityGlobals) = postSolution
		SolutionGuid = {41C4E947-C637-48CF-942E-77F5C7174F95}
	EndGlobalSection
EndGlobal
